
Microsoft Visual Studio Solution File, Format Version 12.00
# Visual Studio Version 17
VisualStudioVersion = 17.6.33829.357
MinimumVisualStudioVersion = 10.0.40219.1
Project("{FAE04EC0-301F-11D3-BF4B-00C04F79EFBC}") = "API_Versioning", "API_Versioning\API_Versioning.csproj", "{DCB4C3D3-8C0E-4A99-8AC8-2C3931CFE36F}"
EndProject
Global
	GlobalSection(SolutionConfigurationPlatforms) = preSolution
		Debug|Any CPU = Debug|Any CPU
		Release|Any CPU = Release|Any CPU
	EndGlobalSection
	GlobalSection(ProjectConfigurationPlatforms) = postSolution
		{DCB4C3D3-8C0E-4A99-8AC8-2C3931CFE36F}.Debug|Any CPU.ActiveCfg = Debug|Any CPU
		{DCB4C3D3-8C0E-4A99-8AC8-2C3931CFE36F}.Debug|Any CPU.Build.0 = Debug|Any CPU
		{DCB4C3D3-8C0E-4A99-8AC8-2C3931CFE36F}.Release|Any CPU.ActiveCfg = Release|Any CPU
		{DCB4C3D3-8C0E-4A99-8AC8-2C3931CFE36F}.Release|Any CPU.Build.0 = Release|Any CPU
	EndGlobalSection
	GlobalSection(SolutionProperties) = preSolution
		HideSolutionNode = FALSE
	EndGlobalSection
	GlobalSection(ExtensibilityGlobals) = postSolution
		SolutionGuid = {0FD0D0E6-6CA7-4136-BD7C-1341065361C1}
	EndGlobalSection
EndGlobal
